
Microsoft Visual Studio Solution File, Format Version 12.00
# Visual Studio Version 16
VisualStudioVersion = 16.0.32929.386
MinimumVisualStudioVersion = 10.0.40219.1
Project("{FAE04EC0-301F-11D3-BF4B-00C04F79EFBC}") = "AccDiscAPI", "AccDiscAPI\AccDiscAPI.csproj", "{74969F04-C485-4FEF-8C87-128118680559}"
EndProject
Project("{9A19103F-16F7-4668-BE54-9A1E7A4F7556}") = "TestAPI", "..\LineHat\LineHat\TestAPI.csproj", "{9AC1AB1F-061E-4316-9C3D-BF34A1C72143}"
EndProject
Global
	GlobalSection(SolutionConfigurationPlatforms) = preSolution
		Debug|Any CPU = Debug|Any CPU
		Release|Any CPU = Release|Any CPU
	EndGlobalSection
	GlobalSection(ProjectConfigurationPlatforms) = postSolution
		{74969F04-C485-4FEF-8C87-128118680559}.Debug|Any CPU.ActiveCfg = Debug|Any CPU
		{74969F04-C485-4FEF-8C87-128118680559}.Debug|Any CPU.Build.0 = Debug|Any CPU
		{74969F04-C485-4FEF-8C87-128118680559}.Release|Any CPU.ActiveCfg = Release|Any CPU
		{74969F04-C485-4FEF-8C87-128118680559}.Release|Any CPU.Build.0 = Release|Any CPU
		{9AC1AB1F-061E-4316-9C3D-BF34A1C72143}.Debug|Any CPU.ActiveCfg = Debug|Any CPU
		{9AC1AB1F-061E-4316-9C3D-BF34A1C72143}.Debug|Any CPU.Build.0 = Debug|Any CPU
		{9AC1AB1F-061E-4316-9C3D-BF34A1C72143}.Release|Any CPU.ActiveCfg = Release|Any CPU
		{9AC1AB1F-061E-4316-9C3D-BF34A1C72143}.Release|Any CPU.Build.0 = Release|Any CPU
	EndGlobalSection
	GlobalSection(SolutionProperties) = preSolution
		HideSolutionNode = FALSE
	EndGlobalSection
	GlobalSection(ExtensibilityGlobals) = postSolution
		SolutionGuid = {43062764-3F1E-4835-A2CB-1140A6B7365C}
	EndGlobalSection
EndGlobal
